{
    "_readme": [
        "This file locks the dependencies of your project to a known state",
        "Read more about it at http://getcomposer.org/doc/01-basic-usage.md#composer-lock-the-lock-file",
        "This file is @generated automatically"
    ],
    "hash": "9e37c493c7acb612015a44a7e63c3578",
    "packages": [
        {
            "name": "chja/cfmessage",
            "version": "dev-master",
            "source": {
                "type": "git",
                "url": "https://github.com/DigitalGrid/cfmessage.git",
                "reference": "f745186e212e23694aa29141a478bd27190bac91"
            },
            "dist": {
                "type": "zip",
                "url": "https://api.github.com/repos/DigitalGrid/cfmessage/zipball/f745186e212e23694aa29141a478bd27190bac91",
                "reference": "f745186e212e23694aa29141a478bd27190bac91",
                "shasum": ""
            },
            "require": {
                "php": ">=5.4"
            },
            "type": "library",
            "autoload": {
                "psr-4": {
                    "Chja\\": "src/"
                }
            },
            "notification-url": "https://packagist.org/downloads/",
            "license": [
                "MIT"
            ],
            "authors": [
                {
                    "name": "Christofer Jadelius",
                    "role": "Developer"
                }
            ],
            "description": "Class for flash messages",
            "keywords": [
                "flash",
                "message"
            ],
            "time": "2015-04-14 23:13:52"
        },
        {
            "name": "mos/cdatabase",
            "version": "dev-master",
            "source": {
                "type": "git",
                "url": "https://github.com/mosbth/cdatabase.git",
                "reference": "5746aa83f062321f8f9016f0bc57a6c0e65300fb"
            },
            "dist": {
                "type": "zip",
                "url": "https://api.github.com/repos/mosbth/cdatabase/zipball/5746aa83f062321f8f9016f0bc57a6c0e65300fb",
                "reference": "5746aa83f062321f8f9016f0bc57a6c0e65300fb",
                "shasum": ""
            },
            "require": {
                "php": ">=5.4"
            },
            "type": "library",
            "autoload": {
                "psr-4": {
                    "Mos\\": "src/"
                }
            },
            "notification-url": "https://packagist.org/downloads/",
            "license": [
                "MIT"
            ],
            "authors": [
                {
                    "name": "Mikael Roos",
                    "email": "me@mikaelroos.se",
                    "homepage": "http://mikaelroos.se",
                    "role": "Developer"
                }
            ],
            "description": "PHP classes for database handling upon PDO",
            "homepage": "http://dbwebb.se",
            "keywords": [
                "education",
                "framework",
                "micro",
                "module",
                "mvc"
            ],
            "time": "2015-03-13 15:36:43"
        },
        {
            "name": "mos/cform",
            "version": "2.x-dev",
            "source": {
                "type": "git",
                "url": "https://github.com/mosbth/cform.git",
                "reference": "6e58aa0c0f128af725bccd50c6a806a5d6953683"
            },
            "dist": {
                "type": "zip",
                "url": "https://api.github.com/repos/mosbth/cform/zipball/6e58aa0c0f128af725bccd50c6a806a5d6953683",
                "reference": "6e58aa0c0f128af725bccd50c6a806a5d6953683",
                "shasum": ""
            },
            "require": {
                "php": ">=5.4"
            },
            "type": "library",
            "autoload": {
                "psr-4": {
                    "Mos\\": "src/"
                }
            },
            "notification-url": "https://packagist.org/downloads/",
            "license": [
                "MIT"
            ],
            "authors": [
                {
                    "name": "Mikael Roos",
                    "email": "me@mikaelroos.se",
                    "homepage": "http://mikaelroos.se",
                    "role": "Developer"
                }
            ],
            "description": "Classes for HTML Forms",
            "homepage": "http://dbwebb.se/",
            "keywords": [
                "Forms",
                "education",
                "html"
            ],
            "time": "2015-03-25 16:38:47"
        },
        {
            "name": "phpmvc/comment",
            "version": "dev-master",
            "source": {
                "type": "git",
                "url": "https://github.com/mosbth/phpmvc-comment.git",
                "reference": "ea5c43e8bb3f723d6fb69c892500d26c7390eb37"
            },
            "dist": {
                "type": "zip",
                "url": "https://api.github.com/repos/mosbth/phpmvc-comment/zipball/ea5c43e8bb3f723d6fb69c892500d26c7390eb37",
                "reference": "ea5c43e8bb3f723d6fb69c892500d26c7390eb37",
                "shasum": ""
            },
            "require": {
                "php": ">=5.4"
            },
            "type": "library",
            "autoload": {
                "psr-4": {
                    "Phpmvc\\": "src/"
                }
            },
            "notification-url": "https://packagist.org/downloads/",
            "license": [
                "MIT"
            ],
            "authors": [
                {
                    "name": "Mikael Roos",
                    "email": "me@mikaelroos.se",
                    "homepage": "http://mikaelroos.se",
                    "role": "Developer"
                }
            ],
            "description": "Various base classes for comments management",
            "homepage": "http://dbwebb.se",
            "keywords": [
                "comments",
                "education"
            ],
            "time": "2014-04-02 12:59:02"
        }
    ],
    "packages-dev": [],
    "aliases": [],
    "minimum-stability": "stable",
    "stability-flags": {
        "phpmvc/comment": 20,
        "mos/cform": 20,
        "mos/cdatabase": 20,
        "chja/cfmessage": 20
    },
    "prefer-stable": false,
    "prefer-lowest": false,
    "platform": {
        "php": ">=5.4"
    },
    "platform-dev": []
}
